
Microsoft Visual Studio Solution File, Format Version 12.00
# Visual Studio 15
VisualStudioVersion = 15.0.27130.2010
MinimumVisualStudioVersion = 10.0.40219.1
Project("{9A19103F-16F7-4668-BE54-9A1E7A4F7556}") = "HitBtcApi.Core", "HitBtcApi.Core\HitBtcApi.Core.csproj", "{AC14C513-7D3A-458D-97D8-D5BBF574F20F}"
EndProject
Project("{FAE04EC0-301F-11D3-BF4B-00C04F79EFBC}") = "HitBtcApi.ConsoleSample", "HitBtcApi.ConsoleSample\HitBtcApi.ConsoleSample.csproj", "{3D869674-E593-4C81-BA82-F041E8F8A67F}"
EndProject
Project("{FAE04EC0-301F-11D3-BF4B-00C04F79EFBC}") = "HitBtcApi.Core.Tests", "HitBtcApi.Core.Tests\HitBtcApi.Core.Tests.csproj", "{42900537-B537-4A7A-BAD4-3BB77F5ECD08}"
EndProject
Global
	GlobalSection(SolutionConfigurationPlatforms) = preSolution
		Debug|Any CPU = Debug|Any CPU
		Release|Any CPU = Release|Any CPU
	EndGlobalSection
	GlobalSection(ProjectConfigurationPlatforms) = postSolution
		{AC14C513-7D3A-458D-97D8-D5BBF574F20F}.Debug|Any CPU.ActiveCfg = Debug|Any CPU
		{AC14C513-7D3A-458D-97D8-D5BBF574F20F}.Debug|Any CPU.Build.0 = Debug|Any CPU
		{AC14C513-7D3A-458D-97D8-D5BBF574F20F}.Release|Any CPU.ActiveCfg = Release|Any CPU
		{AC14C513-7D3A-458D-97D8-D5BBF574F20F}.Release|Any CPU.Build.0 = Release|Any CPU
		{3D869674-E593-4C81-BA82-F041E8F8A67F}.Debug|Any CPU.ActiveCfg = Debug|Any CPU
		{3D869674-E593-4C81-BA82-F041E8F8A67F}.Debug|Any CPU.Build.0 = Debug|Any CPU
		{3D869674-E593-4C81-BA82-F041E8F8A67F}.Release|Any CPU.ActiveCfg = Release|Any CPU
		{3D869674-E593-4C81-BA82-F041E8F8A67F}.Release|Any CPU.Build.0 = Release|Any CPU
		{42900537-B537-4A7A-BAD4-3BB77F5ECD08}.Debug|Any CPU.ActiveCfg = Debug|Any CPU
		{42900537-B537-4A7A-BAD4-3BB77F5ECD08}.Debug|Any CPU.Build.0 = Debug|Any CPU
		{42900537-B537-4A7A-BAD4-3BB77F5ECD08}.Release|Any CPU.ActiveCfg = Release|Any CPU
		{42900537-B537-4A7A-BAD4-3BB77F5ECD08}.Release|Any CPU.Build.0 = Release|Any CPU
	EndGlobalSection
	GlobalSection(SolutionProperties) = preSolution
		HideSolutionNode = FALSE
	EndGlobalSection
	GlobalSection(ExtensibilityGlobals) = postSolution
		SolutionGuid = {F4493EFA-66E9-46A0-AEB5-7FF0152E2CED}
	EndGlobalSection
EndGlobal
